
Microsoft Visual Studio Solution File, Format Version 12.00
# Visual Studio Version 17
VisualStudioVersion = 17.8.34511.84
MinimumVisualStudioVersion = 10.0.40219.1
Project("{2150E333-8FDC-42A3-9474-1A3956D46DE8}") = "solution items", "solution items", "{981126F9-A810-4D01-BCC0-58BD48761351}"
	ProjectSection(SolutionItems) = preProject
		.gitattributes = .gitattributes
		.gitignore = .gitignore
		.github\workflows\dotnet.yml = .github\workflows\dotnet.yml
		README.md = README.md
	EndProjectSection
EndProject
Project("{2150E333-8FDC-42A3-9474-1A3956D46DE8}") = "src", "src", "{1DC19756-A4F9-486B-9B81-56E26146F9C9}"
EndProject
Project("{9A19103F-16F7-4668-BE54-9A1E7A4F7556}") = "EasyCommerceShop.Infrastructure", "EasyCommerceShop.Infrastructure\EasyCommerceShop.Infrastructure.csproj", "{68E1C5D6-9F5B-4730-8C54-AAA2599F672B}"
EndProject
Project("{2150E333-8FDC-42A3-9474-1A3956D46DE8}") = "Host", "Host", "{C4C40414-0359-4FAA-B454-B512C8B7128D}"
EndProject
Project("{2150E333-8FDC-42A3-9474-1A3956D46DE8}") = "Core Infrastructure", "Core Infrastructure", "{DA8D71A5-142B-4982-BB82-AD9B3FDA4CF9}"
EndProject
Project("{9A19103F-16F7-4668-BE54-9A1E7A4F7556}") = "EasyCommerceShop.Application", "EasyCommerceShop.Application\EasyCommerceShop.Application.csproj", "{388F9563-8D99-4E40-9CCF-528F18E16457}"
EndProject
Project("{2150E333-8FDC-42A3-9474-1A3956D46DE8}") = "Test", "Test", "{CA0F21E2-8D08-4DE7-9A22-6A0053090536}"
EndProject
Project("{9A19103F-16F7-4668-BE54-9A1E7A4F7556}") = "EasyCommerceShop.Test", "EasyCommerceShop.Test\EasyCommerceShop.Test.csproj", "{194C609A-4A3E-4FAA-BCE5-A34E9CFD9320}"
EndProject
Project("{FAE04EC0-301F-11D3-BF4B-00C04F79EFBC}") = "EasyCommerceShop.ProdcutService", "EasyCommerceShop.ProdcutService\EasyCommerceShop.ProdcutService.csproj", "{517316F2-C3A5-4730-A365-9827DB6BEB1B}"
EndProject
Project("{FAE04EC0-301F-11D3-BF4B-00C04F79EFBC}") = "EasyCommerceShop.OrderService", "EasyCommerceShop.OrderService\EasyCommerceShop.OrderService.csproj", "{41C501DD-FFE2-4BD2-9857-2A1F97B00322}"
EndProject
Project("{FAE04EC0-301F-11D3-BF4B-00C04F79EFBC}") = "EasyCommerceShop.ApplicationGateway", "EasyCommerceShop.ApplicationGateway\EasyCommerceShop.ApplicationGateway.csproj", "{FBE2F45E-97DE-4F3A-9077-14A7EA1C5494}"
EndProject
Global
	GlobalSection(SolutionConfigurationPlatforms) = preSolution
		Debug|Any CPU = Debug|Any CPU
		Release|Any CPU = Release|Any CPU
	EndGlobalSection
	GlobalSection(ProjectConfigurationPlatforms) = postSolution
		{68E1C5D6-9F5B-4730-8C54-AAA2599F672B}.Debug|Any CPU.ActiveCfg = Debug|Any CPU
		{68E1C5D6-9F5B-4730-8C54-AAA2599F672B}.Debug|Any CPU.Build.0 = Debug|Any CPU
		{68E1C5D6-9F5B-4730-8C54-AAA2599F672B}.Release|Any CPU.ActiveCfg = Release|Any CPU
		{68E1C5D6-9F5B-4730-8C54-AAA2599F672B}.Release|Any CPU.Build.0 = Release|Any CPU
		{388F9563-8D99-4E40-9CCF-528F18E16457}.Debug|Any CPU.ActiveCfg = Debug|Any CPU
		{388F9563-8D99-4E40-9CCF-528F18E16457}.Debug|Any CPU.Build.0 = Debug|Any CPU
		{388F9563-8D99-4E40-9CCF-528F18E16457}.Release|Any CPU.ActiveCfg = Release|Any CPU
		{388F9563-8D99-4E40-9CCF-528F18E16457}.Release|Any CPU.Build.0 = Release|Any CPU
		{194C609A-4A3E-4FAA-BCE5-A34E9CFD9320}.Debug|Any CPU.ActiveCfg = Debug|Any CPU
		{194C609A-4A3E-4FAA-BCE5-A34E9CFD9320}.Debug|Any CPU.Build.0 = Debug|Any CPU
		{194C609A-4A3E-4FAA-BCE5-A34E9CFD9320}.Release|Any CPU.ActiveCfg = Release|Any CPU
		{194C609A-4A3E-4FAA-BCE5-A34E9CFD9320}.Release|Any CPU.Build.0 = Release|Any CPU
		{517316F2-C3A5-4730-A365-9827DB6BEB1B}.Debug|Any CPU.ActiveCfg = Debug|Any CPU
		{517316F2-C3A5-4730-A365-9827DB6BEB1B}.Debug|Any CPU.Build.0 = Debug|Any CPU
		{517316F2-C3A5-4730-A365-9827DB6BEB1B}.Release|Any CPU.ActiveCfg = Release|Any CPU
		{517316F2-C3A5-4730-A365-9827DB6BEB1B}.Release|Any CPU.Build.0 = Release|Any CPU
		{41C501DD-FFE2-4BD2-9857-2A1F97B00322}.Debug|Any CPU.ActiveCfg = Debug|Any CPU
		{41C501DD-FFE2-4BD2-9857-2A1F97B00322}.Debug|Any CPU.Build.0 = Debug|Any CPU
		{41C501DD-FFE2-4BD2-9857-2A1F97B00322}.Release|Any CPU.ActiveCfg = Release|Any CPU
		{41C501DD-FFE2-4BD2-9857-2A1F97B00322}.Release|Any CPU.Build.0 = Release|Any CPU
		{FBE2F45E-97DE-4F3A-9077-14A7EA1C5494}.Debug|Any CPU.ActiveCfg = Debug|Any CPU
		{FBE2F45E-97DE-4F3A-9077-14A7EA1C5494}.Debug|Any CPU.Build.0 = Debug|Any CPU
		{FBE2F45E-97DE-4F3A-9077-14A7EA1C5494}.Release|Any CPU.ActiveCfg = Release|Any CPU
		{FBE2F45E-97DE-4F3A-9077-14A7EA1C5494}.Release|Any CPU.Build.0 = Release|Any CPU
	EndGlobalSection
	GlobalSection(SolutionProperties) = preSolution
		HideSolutionNode = FALSE
	EndGlobalSection
	GlobalSection(NestedProjects) = preSolution
		{68E1C5D6-9F5B-4730-8C54-AAA2599F672B} = {DA8D71A5-142B-4982-BB82-AD9B3FDA4CF9}
		{C4C40414-0359-4FAA-B454-B512C8B7128D} = {1DC19756-A4F9-486B-9B81-56E26146F9C9}
		{DA8D71A5-142B-4982-BB82-AD9B3FDA4CF9} = {1DC19756-A4F9-486B-9B81-56E26146F9C9}
		{388F9563-8D99-4E40-9CCF-528F18E16457} = {DA8D71A5-142B-4982-BB82-AD9B3FDA4CF9}
		{CA0F21E2-8D08-4DE7-9A22-6A0053090536} = {1DC19756-A4F9-486B-9B81-56E26146F9C9}
		{194C609A-4A3E-4FAA-BCE5-A34E9CFD9320} = {CA0F21E2-8D08-4DE7-9A22-6A0053090536}
		{517316F2-C3A5-4730-A365-9827DB6BEB1B} = {C4C40414-0359-4FAA-B454-B512C8B7128D}
		{41C501DD-FFE2-4BD2-9857-2A1F97B00322} = {C4C40414-0359-4FAA-B454-B512C8B7128D}
		{FBE2F45E-97DE-4F3A-9077-14A7EA1C5494} = {C4C40414-0359-4FAA-B454-B512C8B7128D}
	EndGlobalSection
	GlobalSection(ExtensibilityGlobals) = postSolution
		SolutionGuid = {DABCE5AD-D9B0-4DD3-8787-7F64C3E6A079}
	EndGlobalSection
EndGlobal
