
Microsoft Visual Studio Solution File, Format Version 12.00
# Visual Studio Version 17
VisualStudioVersion = 17.8.34511.84
MinimumVisualStudioVersion = 10.0.40219.1
Project("{9A19103F-16F7-4668-BE54-9A1E7A4F7556}") = "EasyCommerceShop.WebClient", "EasyCommerceShop.WebClient\EasyCommerceShop.WebClient.csproj", "{E619F1B0-73A1-4A28-AE99-2D21B0A458C0}"
EndProject
Project("{2150E333-8FDC-42A3-9474-1A3956D46DE8}") = "solution items", "solution items", "{981126F9-A810-4D01-BCC0-58BD48761351}"
	ProjectSection(SolutionItems) = preProject
		.gitattributes = .gitattributes
		.gitignore = .gitignore
		README.md = README.md
	EndProjectSection
EndProject
Project("{2150E333-8FDC-42A3-9474-1A3956D46DE8}") = "src", "src", "{1DC19756-A4F9-486B-9B81-56E26146F9C9}"
EndProject
Project("{9A19103F-16F7-4668-BE54-9A1E7A4F7556}") = "EasyCommerceShop.Infrastructure", "EasyCommerceShop.Infrastructure\EasyCommerceShop.Infrastructure.csproj", "{68E1C5D6-9F5B-4730-8C54-AAA2599F672B}"
EndProject
Project("{2150E333-8FDC-42A3-9474-1A3956D46DE8}") = "Host", "Host", "{C4C40414-0359-4FAA-B454-B512C8B7128D}"
EndProject
Project("{2150E333-8FDC-42A3-9474-1A3956D46DE8}") = "Core Infrastructure", "Core Infrastructure", "{DA8D71A5-142B-4982-BB82-AD9B3FDA4CF9}"
EndProject
Project("{9A19103F-16F7-4668-BE54-9A1E7A4F7556}") = "EasyCommerceShop.Application", "EasyCommerceShop.Application\EasyCommerceShop.Application.csproj", "{388F9563-8D99-4E40-9CCF-528F18E16457}"
EndProject
Global
	GlobalSection(SolutionConfigurationPlatforms) = preSolution
		Debug|Any CPU = Debug|Any CPU
		Release|Any CPU = Release|Any CPU
	EndGlobalSection
	GlobalSection(ProjectConfigurationPlatforms) = postSolution
		{E619F1B0-73A1-4A28-AE99-2D21B0A458C0}.Debug|Any CPU.ActiveCfg = Debug|Any CPU
		{E619F1B0-73A1-4A28-AE99-2D21B0A458C0}.Debug|Any CPU.Build.0 = Debug|Any CPU
		{E619F1B0-73A1-4A28-AE99-2D21B0A458C0}.Release|Any CPU.ActiveCfg = Release|Any CPU
		{E619F1B0-73A1-4A28-AE99-2D21B0A458C0}.Release|Any CPU.Build.0 = Release|Any CPU
		{68E1C5D6-9F5B-4730-8C54-AAA2599F672B}.Debug|Any CPU.ActiveCfg = Debug|Any CPU
		{68E1C5D6-9F5B-4730-8C54-AAA2599F672B}.Debug|Any CPU.Build.0 = Debug|Any CPU
		{68E1C5D6-9F5B-4730-8C54-AAA2599F672B}.Release|Any CPU.ActiveCfg = Release|Any CPU
		{68E1C5D6-9F5B-4730-8C54-AAA2599F672B}.Release|Any CPU.Build.0 = Release|Any CPU
		{388F9563-8D99-4E40-9CCF-528F18E16457}.Debug|Any CPU.ActiveCfg = Debug|Any CPU
		{388F9563-8D99-4E40-9CCF-528F18E16457}.Debug|Any CPU.Build.0 = Debug|Any CPU
		{388F9563-8D99-4E40-9CCF-528F18E16457}.Release|Any CPU.ActiveCfg = Release|Any CPU
		{388F9563-8D99-4E40-9CCF-528F18E16457}.Release|Any CPU.Build.0 = Release|Any CPU
	EndGlobalSection
	GlobalSection(SolutionProperties) = preSolution
		HideSolutionNode = FALSE
	EndGlobalSection
	GlobalSection(NestedProjects) = preSolution
		{E619F1B0-73A1-4A28-AE99-2D21B0A458C0} = {C4C40414-0359-4FAA-B454-B512C8B7128D}
		{68E1C5D6-9F5B-4730-8C54-AAA2599F672B} = {DA8D71A5-142B-4982-BB82-AD9B3FDA4CF9}
		{C4C40414-0359-4FAA-B454-B512C8B7128D} = {1DC19756-A4F9-486B-9B81-56E26146F9C9}
		{DA8D71A5-142B-4982-BB82-AD9B3FDA4CF9} = {1DC19756-A4F9-486B-9B81-56E26146F9C9}
		{388F9563-8D99-4E40-9CCF-528F18E16457} = {DA8D71A5-142B-4982-BB82-AD9B3FDA4CF9}
	EndGlobalSection
	GlobalSection(ExtensibilityGlobals) = postSolution
		SolutionGuid = {DABCE5AD-D9B0-4DD3-8787-7F64C3E6A079}
	EndGlobalSection
EndGlobal
